// !$*UTF8*$!
{
	archiveVersion = 1;
	classes = {
	};
	objectVersion = 50;
	objects = {

/* Begin PBXBuildFile section */
		55BE3427DCAFDE96F43C28AB /* Pods_ToDoe.framework in Frameworks */ = {isa = PBXBuildFile; fileRef = 0B28C99E0F57D359B956A10B /* Pods_ToDoe.framework */; };
		CF0B767D227590DE00ADC8E2 /* CategoryTableViewController.swift in Sources */ = {isa = PBXBuildFile; fileRef = CF0B767C227590DE00ADC8E2 /* CategoryTableViewController.swift */; };
		CF0F1080227600D800AB1137 /* Item.swift in Sources */ = {isa = PBXBuildFile; fileRef = CF0F107F227600D800AB1137 /* Item.swift */; };
		CF0F1082227600E500AB1137 /* Category.swift in Sources */ = {isa = PBXBuildFile; fileRef = CF0F1081227600E500AB1137 /* Category.swift */; };
		CFB6A333226F6E6300D1B505 /* AppDelegate.swift in Sources */ = {isa = PBXBuildFile; fileRef = CFB6A332226F6E6300D1B505 /* AppDelegate.swift */; };
		CFB6A335226F6E6300D1B505 /* ToDoListViewController.swift in Sources */ = {isa = PBXBuildFile; fileRef = CFB6A334226F6E6300D1B505 /* ToDoListViewController.swift */; };
		CFB6A338226F6E6300D1B505 /* Main.storyboard in Resources */ = {isa = PBXBuildFile; fileRef = CFB6A336226F6E6300D1B505 /* Main.storyboard */; };
		CFB6A33A226F6E6500D1B505 /* Assets.xcassets in Resources */ = {isa = PBXBuildFile; fileRef = CFB6A339226F6E6500D1B505 /* Assets.xcassets */; };
		CFB6A33D226F6E6500D1B505 /* LaunchScreen.storyboard in Resources */ = {isa = PBXBuildFile; fileRef = CFB6A33B226F6E6500D1B505 /* LaunchScreen.storyboard */; };
/* End PBXBuildFile section */

/* Begin PBXFileReference section */
		0B28C99E0F57D359B956A10B /* Pods_ToDoe.framework */ = {isa = PBXFileReference; explicitFileType = wrapper.framework; includeInIndex = 0; path = Pods_ToDoe.framework; sourceTree = BUILT_PRODUCTS_DIR; };
		2F3320FC88019595486D8232 /* Pods-ToDoe.release.xcconfig */ = {isa = PBXFileReference; includeInIndex = 1; lastKnownFileType = text.xcconfig; name = "Pods-ToDoe.release.xcconfig"; path = "Pods/Target Support Files/Pods-ToDoe/Pods-ToDoe.release.xcconfig"; sourceTree = "<group>"; };
		CF0B767C227590DE00ADC8E2 /* CategoryTableViewController.swift */ = {isa = PBXFileReference; lastKnownFileType = sourcecode.swift; path = CategoryTableViewController.swift; sourceTree = "<group>"; };
		CF0F107F227600D800AB1137 /* Item.swift */ = {isa = PBXFileReference; lastKnownFileType = sourcecode.swift; path = Item.swift; sourceTree = "<group>"; };
		CF0F1081227600E500AB1137 /* Category.swift */ = {isa = PBXFileReference; lastKnownFileType = sourcecode.swift; path = Category.swift; sourceTree = "<group>"; };
		CFB6A32F226F6E6300D1B505 /* ToDoe.app */ = {isa = PBXFileReference; explicitFileType = wrapper.application; includeInIndex = 0; path = ToDoe.app; sourceTree = BUILT_PRODUCTS_DIR; };
		CFB6A332226F6E6300D1B505 /* AppDelegate.swift */ = {isa = PBXFileReference; lastKnownFileType = sourcecode.swift; path = AppDelegate.swift; sourceTree = "<group>"; };
		CFB6A334226F6E6300D1B505 /* ToDoListViewController.swift */ = {isa = PBXFileReference; lastKnownFileType = sourcecode.swift; path = ToDoListViewController.swift; sourceTree = "<group>"; };
		CFB6A337226F6E6300D1B505 /* Base */ = {isa = PBXFileReference; lastKnownFileType = file.storyboard; name = Base; path = Base.lproj/Main.storyboard; sourceTree = "<group>"; };
		CFB6A339226F6E6500D1B505 /* Assets.xcassets */ = {isa = PBXFileReference; lastKnownFileType = folder.assetcatalog; path = Assets.xcassets; sourceTree = "<group>"; };
		CFB6A33C226F6E6500D1B505 /* Base */ = {isa = PBXFileReference; lastKnownFileType = file.storyboard; name = Base; path = Base.lproj/LaunchScreen.storyboard; sourceTree = "<group>"; };
		CFB6A33E226F6E6500D1B505 /* Info.plist */ = {isa = PBXFileReference; lastKnownFileType = text.plist.xml; path = Info.plist; sourceTree = "<group>"; };
		D2A2A677E38CA42AAC1BCC85 /* Pods-ToDoe.debug.xcconfig */ = {isa = PBXFileReference; includeInIndex = 1; lastKnownFileType = text.xcconfig; name = "Pods-ToDoe.debug.xcconfig"; path = "Pods/Target Support Files/Pods-ToDoe/Pods-ToDoe.debug.xcconfig"; sourceTree = "<group>"; };
/* End PBXFileReference section */

/* Begin PBXFrameworksBuildPhase section */
		CFB6A32C226F6E6300D1B505 /* Frameworks */ = {
			isa = PBXFrameworksBuildPhase;
			buildActionMask = 2147483647;
			files = (
				55BE3427DCAFDE96F43C28AB /* Pods_ToDoe.framework in Frameworks */,
			);
			runOnlyForDeploymentPostprocessing = 0;
		};
/* End PBXFrameworksBuildPhase section */

/* Begin PBXGroup section */
		4F13A44D2CD74DF5099CBC59 /* Pods */ = {
			isa = PBXGroup;
			children = (
				D2A2A677E38CA42AAC1BCC85 /* Pods-ToDoe.debug.xcconfig */,
				2F3320FC88019595486D8232 /* Pods-ToDoe.release.xcconfig */,
			);
			name = Pods;
			sourceTree = "<group>";
		};
		CFA2FEEC22736B6800917A7B /* Data Model */ = {
			isa = PBXGroup;
			children = (
				CF0F1081227600E500AB1137 /* Category.swift */,
				CF0F107F227600D800AB1137 /* Item.swift */,
			);
			path = "Data Model";
			sourceTree = "<group>";
		};
		CFA2FEED22736B7100917A7B /* Controllers */ = {
			isa = PBXGroup;
			children = (
				CF0B767C227590DE00ADC8E2 /* CategoryTableViewController.swift */,
				CFB6A334226F6E6300D1B505 /* ToDoListViewController.swift */,
			);
			path = Controllers;
			sourceTree = "<group>";
		};
		CFA2FEEF22736BA200917A7B /* Views */ = {
			isa = PBXGroup;
			children = (
				CFB6A336226F6E6300D1B505 /* Main.storyboard */,
			);
			path = Views;
			sourceTree = "<group>";
		};
		CFA2FEF022736BB800917A7B /* Supporting Files */ = {
			isa = PBXGroup;
			children = (
				CFB6A339226F6E6500D1B505 /* Assets.xcassets */,
				CFB6A33B226F6E6500D1B505 /* LaunchScreen.storyboard */,
			);
			path = "Supporting Files";
			sourceTree = "<group>";
		};
		CFB6A326226F6E6300D1B505 = {
			isa = PBXGroup;
			children = (
				CFB6A331226F6E6300D1B505 /* ToDoe */,
				CFB6A330226F6E6300D1B505 /* Products */,
				4F13A44D2CD74DF5099CBC59 /* Pods */,
				FB7D2D49988E49F474DF42D5 /* Frameworks */,
			);
			sourceTree = "<group>";
		};
		CFB6A330226F6E6300D1B505 /* Products */ = {
			isa = PBXGroup;
			children = (
				CFB6A32F226F6E6300D1B505 /* ToDoe.app */,
			);
			name = Products;
			sourceTree = "<group>";
		};
		CFB6A331226F6E6300D1B505 /* ToDoe */ = {
			isa = PBXGroup;
			children = (
				CFB6A332226F6E6300D1B505 /* AppDelegate.swift */,
				CFA2FEED22736B7100917A7B /* Controllers */,
				CFA2FEEF22736BA200917A7B /* Views */,
				CFA2FEF022736BB800917A7B /* Supporting Files */,
				CFB6A33E226F6E6500D1B505 /* Info.plist */,
				CFA2FEEC22736B6800917A7B /* Data Model */,
			);
			path = ToDoe;
			sourceTree = "<group>";
		};
		FB7D2D49988E49F474DF42D5 /* Frameworks */ = {
			isa = PBXGroup;
			children = (
				0B28C99E0F57D359B956A10B /* Pods_ToDoe.framework */,
			);
			name = Frameworks;
			sourceTree = "<group>";
		};
/* End PBXGroup section */

/* Begin PBXNativeTarget section */
		CFB6A32E226F6E6300D1B505 /* ToDoe */ = {
			isa = PBXNativeTarget;
			buildConfigurationList = CFB6A341226F6E6500D1B505 /* Build configuration list for PBXNativeTarget "ToDoe" */;
			buildPhases = (
				7A05BA30233F396399628EA5 /* [CP] Check Pods Manifest.lock */,
				CFB6A32B226F6E6300D1B505 /* Sources */,
				CFB6A32C226F6E6300D1B505 /* Frameworks */,
				CFB6A32D226F6E6300D1B505 /* Resources */,
				71865287992341573C267A95 /* [CP] Embed Pods Frameworks */,
			);
			buildRules = (
			);
			dependencies = (
			);
			name = ToDoe;
			productName = ToDoe;
			productReference = CFB6A32F226F6E6300D1B505 /* ToDoe.app */;
			productType = "com.apple.product-type.application";
		};
/* End PBXNativeTarget section */

/* Begin PBXProject section */
		CFB6A327226F6E6300D1B505 /* Project object */ = {
			isa = PBXProject;
			attributes = {
				LastSwiftUpdateCheck = 1020;
				LastUpgradeCheck = 1020;
				ORGANIZATIONNAME = Buck;
				TargetAttributes = {
					CFB6A32E226F6E6300D1B505 = {
						CreatedOnToolsVersion = 10.2.1;
					};
				};
			};
			buildConfigurationList = CFB6A32A226F6E6300D1B505 /* Build configuration list for PBXProject "ToDoe" */;
			compatibilityVersion = "Xcode 9.3";
			developmentRegion = en;
			hasScannedForEncodings = 0;
			knownRegions = (
				en,
				Base,
			);
			mainGroup = CFB6A326226F6E6300D1B505;
			productRefGroup = CFB6A330226F6E6300D1B505 /* Products */;
			projectDirPath = "";
			projectRoot = "";
			targets = (
				CFB6A32E226F6E6300D1B505 /* ToDoe */,
			);
		};
/* End PBXProject section */

/* Begin PBXResourcesBuildPhase section */
		CFB6A32D226F6E6300D1B505 /* Resources */ = {
			isa = PBXResourcesBuildPhase;
			buildActionMask = 2147483647;
			files = (
				CFB6A33D226F6E6500D1B505 /* LaunchScreen.storyboard in Resources */,
				CFB6A33A226F6E6500D1B505 /* Assets.xcassets in Resources */,
				CFB6A338226F6E6300D1B505 /* Main.storyboard in Resources */,
			);
			runOnlyForDeploymentPostprocessing = 0;
		};
/* End PBXResourcesBuildPhase section */

/* Begin PBXShellScriptBuildPhase section */
		71865287992341573C267A95 /* [CP] Embed Pods Frameworks */ = {
			isa = PBXShellScriptBuildPhase;
			buildActionMask = 2147483647;
			files = (
			);
			inputFileListPaths = (
			);
			inputPaths = (
				"${SRCROOT}/Pods/Target Support Files/Pods-ToDoe/Pods-ToDoe-frameworks.sh",
				"${BUILT_PRODUCTS_DIR}/Realm/Realm.framework",
				"${BUILT_PRODUCTS_DIR}/RealmSwift/RealmSwift.framework",
			);
			name = "[CP] Embed Pods Frameworks";
			outputFileListPaths = (
			);
			outputPaths = (
				"${TARGET_BUILD_DIR}/${FRAMEWORKS_FOLDER_PATH}/Realm.framework",
				"${TARGET_BUILD_DIR}/${FRAMEWORKS_FOLDER_PATH}/RealmSwift.framework",
			);
			runOnlyForDeploymentPostprocessing = 0;
			shellPath = /bin/sh;
			shellScript = "\"${SRCROOT}/Pods/Target Support Files/Pods-ToDoe/Pods-ToDoe-frameworks.sh\"\n";
			showEnvVarsInLog = 0;
		};
		7A05BA30233F396399628EA5 /* [CP] Check Pods Manifest.lock */ = {
			isa = PBXShellScriptBuildPhase;
			buildActionMask = 2147483647;
			files = (
			);
			inputFileListPaths = (
			);
			inputPaths = (
				"${PODS_PODFILE_DIR_PATH}/Podfile.lock",
				"${PODS_ROOT}/Manifest.lock",
			);
			name = "[CP] Check Pods Manifest.lock";
			outputFileListPaths = (
			);
			outputPaths = (
				"$(DERIVED_FILE_DIR)/Pods-ToDoe-checkManifestLockResult.txt",
			);
			runOnlyForDeploymentPostprocessing = 0;
			shellPath = /bin/sh;
			shellScript = "diff \"${PODS_PODFILE_DIR_PATH}/Podfile.lock\" \"${PODS_ROOT}/Manifest.lock\" > /dev/null\nif [ $? != 0 ] ; then\n    # print error to STDERR\n    echo \"error: The sandbox is not in sync with the Podfile.lock. Run 'pod install' or update your CocoaPods installation.\" >&2\n    exit 1\nfi\n# This output is used by Xcode 'outputs' to avoid re-running this script phase.\necho \"SUCCESS\" > \"${SCRIPT_OUTPUT_FILE_0}\"\n";
			showEnvVarsInLog = 0;
		};
/* End PBXShellScriptBuildPhase section */

/* Begin PBXSourcesBuildPhase section */
		CFB6A32B226F6E6300D1B505 /* Sources */ = {
			isa = PBXSourcesBuildPhase;
			buildActionMask = 2147483647;
			files = (
				CF0F1080227600D800AB1137 /* Item.swift in Sources */,
				CFB6A335226F6E6300D1B505 /* ToDoListViewController.swift in Sources */,
				CFB6A333226F6E6300D1B505 /* AppDelegate.swift in Sources */,
				CF0B767D227590DE00ADC8E2 /* CategoryTableViewController.swift in Sources */,
				CF0F1082227600E500AB1137 /* Category.swift in Sources */,
			);
			runOnlyForDeploymentPostprocessing = 0;
		};
/* End PBXSourcesBuildPhase section */

/* Begin PBXVariantGroup section */
		CFB6A336226F6E6300D1B505 /* Main.storyboard */ = {
			isa = PBXVariantGroup;
			children = (
				CFB6A337226F6E6300D1B505 /* Base */,
			);
			name = Main.storyboard;
			sourceTree = "<group>";
		};
		CFB6A33B226F6E6500D1B505 /* LaunchScreen.storyboard */ = {
			isa = PBXVariantGroup;
			children = (
				CFB6A33C226F6E6500D1B505 /* Base */,
			);
			name = LaunchScreen.storyboard;
			sourceTree = "<group>";
		};
/* End PBXVariantGroup section */

/* Begin XCBuildConfiguration section */
		CFB6A33F226F6E6500D1B505 /* Debug */ = {
			isa = XCBuildConfiguration;
			buildSettings = {
				ALWAYS_SEARCH_USER_PATHS = NO;
				CLANG_ANALYZER_NONNULL = YES;
				CLANG_ANALYZER_NUMBER_OBJECT_CONVERSION = YES_AGGRESSIVE;
				CLANG_CXX_LANGUAGE_STANDARD = "gnu++14";
				CLANG_CXX_LIBRARY = "libc++";
				CLANG_ENABLE_MODULES = YES;
				CLANG_ENABLE_OBJC_ARC = YES;
				CLANG_ENABLE_OBJC_WEAK = YES;
				CLANG_WARN_BLOCK_CAPTURE_AUTORELEASING = YES;
				CLANG_WARN_BOOL_CONVERSION = YES;
				CLANG_WARN_COMMA = YES;
				CLANG_WARN_CONSTANT_CONVERSION = YES;
				CLANG_WARN_DEPRECATED_OBJC_IMPLEMENTATIONS = YES;
				CLANG_WARN_DIRECT_OBJC_ISA_USAGE = YES_ERROR;
				CLANG_WARN_DOCUMENTATION_COMMENTS = YES;
				CLANG_WARN_EMPTY_BODY = YES;
				CLANG_WARN_ENUM_CONVERSION = YES;
				CLANG_WARN_INFINITE_RECURSION = YES;
				CLANG_WARN_INT_CONVERSION = YES;
				CLANG_WARN_NON_LITERAL_NULL_CONVERSION = YES;
				CLANG_WARN_OBJC_IMPLICIT_RETAIN_SELF = YES;
				CLANG_WARN_OBJC_LITERAL_CONVERSION = YES;
				CLANG_WARN_OBJC_ROOT_CLASS = YES_ERROR;
				CLANG_WARN_RANGE_LOOP_ANALYSIS = YES;
				CLANG_WARN_STRICT_PROTOTYPES = YES;
				CLANG_WARN_SUSPICIOUS_MOVE = YES;
				CLANG_WARN_UNGUARDED_AVAILABILITY = YES_AGGRESSIVE;
				CLANG_WARN_UNREACHABLE_CODE = YES;
				CLANG_WARN__DUPLICATE_METHOD_MATCH = YES;
				CODE_SIGN_IDENTITY = "iPhone Developer";
				COPY_PHASE_STRIP = NO;
				DEBUG_INFORMATION_FORMAT = dwarf;
				ENABLE_STRICT_OBJC_MSGSEND = YES;
				ENABLE_TESTABILITY = YES;
				GCC_C_LANGUAGE_STANDARD = gnu11;
				GCC_DYNAMIC_NO_PIC = NO;
				GCC_NO_COMMON_BLOCKS = YES;
				GCC_OPTIMIZATION_LEVEL = 0;
				GCC_PREPROCESSOR_DEFINITIONS = (
					"DEBUG=1",
					"$(inherited)",
				);
				GCC_WARN_64_TO_32_BIT_CONVERSION = YES;
				GCC_WARN_ABOUT_RETURN_TYPE = YES_ERROR;
				GCC_WARN_UNDECLARED_SELECTOR = YES;
				GCC_WARN_UNINITIALIZED_AUTOS = YES_AGGRESSIVE;
				GCC_WARN_UNUSED_FUNCTION = YES;
				GCC_WARN_UNUSED_VARIABLE = YES;
				IPHONEOS_DEPLOYMENT_TARGET = 12.2;
				MTL_ENABLE_DEBUG_INFO = INCLUDE_SOURCE;
				MTL_FAST_MATH = YES;
				ONLY_ACTIVE_ARCH = YES;
				SDKROOT = iphoneos;
				SWIFT_ACTIVE_COMPILATION_CONDITIONS = DEBUG;
				SWIFT_OPTIMIZATION_LEVEL = "-Onone";
			};
			name = Debug;
		};
		CFB6A340226F6E6500D1B505 /* Release */ = {
			isa = XCBuildConfiguration;
			buildSettings = {
				ALWAYS_SEARCH_USER_PATHS = NO;
				CLANG_ANALYZER_NONNULL = YES;
				CLANG_ANALYZER_NUMBER_OBJECT_CONVERSION = YES_AGGRESSIVE;
				CLANG_CXX_LANGUAGE_STANDARD = "gnu++14";
				CLANG_CXX_LIBRARY = "libc++";
				CLANG_ENABLE_MODULES = YES;
				CLANG_ENABLE_OBJC_ARC = YES;
				CLANG_ENABLE_OBJC_WEAK = YES;
				CLANG_WARN_BLOCK_CAPTURE_AUTORELEASING = YES;
				CLANG_WARN_BOOL_CONVERSION = YES;
				CLANG_WARN_COMMA = YES;
				CLANG_WARN_CONSTANT_CONVERSION = YES;
				CLANG_WARN_DEPRECATED_OBJC_IMPLEMENTATIONS = YES;
				CLANG_WARN_DIRECT_OBJC_ISA_USAGE = YES_ERROR;
				CLANG_WARN_DOCUMENTATION_COMMENTS = YES;
				CLANG_WARN_EMPTY_BODY = YES;
				CLANG_WARN_ENUM_CONVERSION = YES;
				CLANG_WARN_INFINITE_RECURSION = YES;
				CLANG_WARN_INT_CONVERSION = YES;
				CLANG_WARN_NON_LITERAL_NULL_CONVERSION = YES;
				CLANG_WARN_OBJC_IMPLICIT_RETAIN_SELF = YES;
				CLANG_WARN_OBJC_LITERAL_CONVERSION = YES;
				CLANG_WARN_OBJC_ROOT_CLASS = YES_ERROR;
				CLANG_WARN_RANGE_LOOP_ANALYSIS = YES;
				CLANG_WARN_STRICT_PROTOTYPES = YES;
				CLANG_WARN_SUSPICIOUS_MOVE = YES;
				CLANG_WARN_UNGUARDED_AVAILABILITY = YES_AGGRESSIVE;
				CLANG_WARN_UNREACHABLE_CODE = YES;
				CLANG_WARN__DUPLICATE_METHOD_MATCH = YES;
				CODE_SIGN_IDENTITY = "iPhone Developer";
				COPY_PHASE_STRIP = NO;
				DEBUG_INFORMATION_FORMAT = "dwarf-with-dsym";
				ENABLE_NS_ASSERTIONS = NO;
				ENABLE_STRICT_OBJC_MSGSEND = YES;
				GCC_C_LANGUAGE_STANDARD = gnu11;
				GCC_NO_COMMON_BLOCKS = YES;
				GCC_WARN_64_TO_32_BIT_CONVERSION = YES;
				GCC_WARN_ABOUT_RETURN_TYPE = YES_ERROR;
				GCC_WARN_UNDECLARED_SELECTOR = YES;
				GCC_WARN_UNINITIALIZED_AUTOS = YES_AGGRESSIVE;
				GCC_WARN_UNUSED_FUNCTION = YES;
				GCC_WARN_UNUSED_VARIABLE = YES;
				IPHONEOS_DEPLOYMENT_TARGET = 12.2;
				MTL_ENABLE_DEBUG_INFO = NO;
				MTL_FAST_MATH = YES;
				SDKROOT = iphoneos;
				SWIFT_COMPILATION_MODE = wholemodule;
				SWIFT_OPTIMIZATION_LEVEL = "-O";
				VALIDATE_PRODUCT = YES;
			};
			name = Release;
		};
		CFB6A342226F6E6500D1B505 /* Debug */ = {
			isa = XCBuildConfiguration;
			baseConfigurationReference = D2A2A677E38CA42AAC1BCC85 /* Pods-ToDoe.debug.xcconfig */;
			buildSettings = {
				ASSETCATALOG_COMPILER_APPICON_NAME = AppIcon;
				CODE_SIGN_STYLE = Automatic;
				INFOPLIST_FILE = ToDoe/Info.plist;
				LD_RUNPATH_SEARCH_PATHS = (
					"$(inherited)",
					"@executable_path/Frameworks",
				);
				PRODUCT_BUNDLE_IDENTIFIER = com.buck.ToDoe;
				PRODUCT_NAME = "$(TARGET_NAME)";
				SWIFT_VERSION = 5.0;
				TARGETED_DEVICE_FAMILY = "1,2";
			};
			name = Debug;
		};
		CFB6A343226F6E6500D1B505 /* Release */ = {
			isa = XCBuildConfiguration;
			baseConfigurationReference = 2F3320FC88019595486D8232 /* Pods-ToDoe.release.xcconfig */;
			buildSettings = {
				ASSETCATALOG_COMPILER_APPICON_NAME = AppIcon;
				CODE_SIGN_STYLE = Automatic;
				INFOPLIST_FILE = ToDoe/Info.plist;
				LD_RUNPATH_SEARCH_PATHS = (
					"$(inherited)",
					"@executable_path/Frameworks",
				);
				PRODUCT_BUNDLE_IDENTIFIER = com.buck.ToDoe;
				PRODUCT_NAME = "$(TARGET_NAME)";
				SWIFT_VERSION = 5.0;
				TARGETED_DEVICE_FAMILY = "1,2";
			};
			name = Release;
		};
/* End XCBuildConfiguration section */

/* Begin XCConfigurationList section */
		CFB6A32A226F6E6300D1B505 /* Build configuration list for PBXProject "ToDoe" */ = {
			isa = XCConfigurationList;
			buildConfigurations = (
				CFB6A33F226F6E6500D1B505 /* Debug */,
				CFB6A340226F6E6500D1B505 /* Release */,
			);
			defaultConfigurationIsVisible = 0;
			defaultConfigurationName = Release;
		};
		CFB6A341226F6E6500D1B505 /* Build configuration list for PBXNativeTarget "ToDoe" */ = {
			isa = XCConfigurationList;
			buildConfigurations = (
				CFB6A342226F6E6500D1B505 /* Debug */,
				CFB6A343226F6E6500D1B505 /* Release */,
			);
			defaultConfigurationIsVisible = 0;
			defaultConfigurationName = Release;
		};
/* End XCConfigurationList section */
	};
	rootObject = CFB6A327226F6E6300D1B505 /* Project object */;
}
